
Microsoft Visual Studio Solution File, Format Version 12.00
# Visual Studio Version 17
VisualStudioVersion = 17.2.32526.322
MinimumVisualStudioVersion = 10.0.40219.1
Project("{FAE04EC0-301F-11D3-BF4B-00C04F79EFBC}") = "JWT_Net6", "JWT_Net6.csproj", "{66412532-5D03-4912-8AA0-FBBD3B6A2008}"
EndProject
Global
	GlobalSection(SolutionConfigurationPlatforms) = preSolution
		Debug|Any CPU = Debug|Any CPU
		Release|Any CPU = Release|Any CPU
	EndGlobalSection
	GlobalSection(ProjectConfigurationPlatforms) = postSolution
		{66412532-5D03-4912-8AA0-FBBD3B6A2008}.Debug|Any CPU.ActiveCfg = Debug|Any CPU
		{66412532-5D03-4912-8AA0-FBBD3B6A2008}.Debug|Any CPU.Build.0 = Debug|Any CPU
		{66412532-5D03-4912-8AA0-FBBD3B6A2008}.Release|Any CPU.ActiveCfg = Release|Any CPU
		{66412532-5D03-4912-8AA0-FBBD3B6A2008}.Release|Any CPU.Build.0 = Release|Any CPU
	EndGlobalSection
	GlobalSection(SolutionProperties) = preSolution
		HideSolutionNode = FALSE
	EndGlobalSection
	GlobalSection(ExtensibilityGlobals) = postSolution
		SolutionGuid = {CC3D6A05-6FAB-4DE3-A5F0-CA011103E1D5}
	EndGlobalSection
EndGlobal
